# Generated by pub
# See http://pub.dartlang.org/doc/glossary.html#lockfile
packages:
  browser:
    description: browser
    source: hosted
    version: "0.9.0"
  game_loop:
    description:
      ref: null
      resolved-ref: "57b4313bfa9aa813484c1a0b7d426058dfaea443"
      url: "https://github.com/johnmccutchan/game_loop.git"
    source: git
    version: "0.9.3"
  three:
    description:
      ref: null
      resolved-ref: b432b9fdeaab4f47f9ab172627aabc142d63bf23
      url: "https://github.com/threeDart/three.dart.git"
    source: git
    version: "0.2.5+1"
  vector_math:
    description: vector_math
    source: hosted
    version: "1.3.5"
